
Microsoft Visual Studio Solution File, Format Version 12.00
# Visual Studio 15
Project("{FAE04EC0-301F-11D3-BF4B-00C04F79EFBC}") = "TaskOne", "TaskOne\TaskOne.csproj", "{6010821D-F809-4477-A4EA-7B75C800A1BB}"
EndProject
Project("{FAE04EC0-301F-11D3-BF4B-00C04F79EFBC}") = "TaskOne.Tests", "TaskOne.Tests\TaskOne.Tests.csproj", "{EAA9E2BC-1245-4639-9197-E119D50C277D}"
EndProject
Global
	GlobalSection(SolutionConfigurationPlatforms) = preSolution
		Debug|Any CPU = Debug|Any CPU
		Release|Any CPU = Release|Any CPU
	EndGlobalSection
	GlobalSection(ProjectConfigurationPlatforms) = postSolution
		{6010821D-F809-4477-A4EA-7B75C800A1BB}.Debug|Any CPU.ActiveCfg = Debug|Any CPU
		{6010821D-F809-4477-A4EA-7B75C800A1BB}.Debug|Any CPU.Build.0 = Debug|Any CPU
		{6010821D-F809-4477-A4EA-7B75C800A1BB}.Release|Any CPU.ActiveCfg = Release|Any CPU
		{6010821D-F809-4477-A4EA-7B75C800A1BB}.Release|Any CPU.Build.0 = Release|Any CPU
		{EAA9E2BC-1245-4639-9197-E119D50C277D}.Debug|Any CPU.ActiveCfg = Debug|Any CPU
		{EAA9E2BC-1245-4639-9197-E119D50C277D}.Debug|Any CPU.Build.0 = Debug|Any CPU
		{EAA9E2BC-1245-4639-9197-E119D50C277D}.Release|Any CPU.ActiveCfg = Release|Any CPU
		{EAA9E2BC-1245-4639-9197-E119D50C277D}.Release|Any CPU.Build.0 = Release|Any CPU
	EndGlobalSection
EndGlobal
